// !$*UTF8*$!
{
	archiveVersion = 1;
	classes = {};
	objectVersion = 56;
	objects = {
		A10000000000000000000001 /* AppStageTestHostApp.swift in Sources */ = {isa = PBXBuildFile; fileRef = A20000000000000000000001 /* AppStageTestHostApp.swift */; };
		B10000000000000000000001 /* AppStage in Frameworks */ = {isa = PBXBuildFile; productRef = D10000000000000000000001 /* AppStage */; };
		B10000000000000000000002 /* AppStageControl in Frameworks */ = {isa = PBXBuildFile; productRef = D10000000000000000000002 /* AppStageControl */; };
		B10000000000000000000003 /* AppStageMac in Frameworks */ = {isa = PBXBuildFile; productRef = D10000000000000000000003 /* AppStageMac */; };
		A20000000000000000000001 /* AppStageTestHostApp.swift */ = {isa = PBXFileReference; lastKnownFileType = sourcecode.swift; path = Sources/AppStageTestHostApp.swift; sourceTree = SOURCE_ROOT; };
		A20000000000000000000002 /* AppStageTestHost.app */ = {isa = PBXFileReference; explicitFileType = wrapper.application; includeInIndex = 0; path = AppStageTestHost.app; sourceTree = BUILT_PRODUCTS_DIR; };
		C10000000000000000000001 /* AppStageTestHost */ = {isa = PBXGroup; children = (A20000000000000000000001 /* AppStageTestHostApp.swift */,); path = .; sourceTree = SOURCE_ROOT; };
		C10000000000000000000002 /* Products */ = {isa = PBXGroup; children = (A20000000000000000000002 /* AppStageTestHost.app */,); name = Products; sourceTree = "<group>"; };
		C20000000000000000000001 /* Frameworks */ = {isa = PBXFrameworksBuildPhase; buildActionMask = 2147483647; files = (B10000000000000000000001 /* AppStage in Frameworks */, B10000000000000000000002 /* AppStageControl in Frameworks */, B10000000000000000000003 /* AppStageMac in Frameworks */,); runOnlyForDeploymentPostprocessing = 0; };
		C30000000000000000000001 /* Sources */ = {isa = PBXSourcesBuildPhase; buildActionMask = 2147483647; files = (A10000000000000000000001 /* AppStageTestHostApp.swift in Sources */,); runOnlyForDeploymentPostprocessing = 0; };
		C40000000000000000000001 /* Resources */ = {isa = PBXResourcesBuildPhase; buildActionMask = 2147483647; files = (); runOnlyForDeploymentPostprocessing = 0; };
		C50000000000000000000001 /* AppStageTestHost */ = {
			isa = PBXNativeTarget;
			buildConfigurationList = C60000000000000000000001 /* Build configuration list for PBXNativeTarget "AppStageTestHost" */;
			buildPhases = (C30000000000000000000001 /* Sources */, C20000000000000000000001 /* Frameworks */, C40000000000000000000001 /* Resources */,);
			buildRules = ();
			dependencies = ();
			name = AppStageTestHost;
			packageProductDependencies = (D10000000000000000000001 /* AppStage */, D10000000000000000000002 /* AppStageControl */, D10000000000000000000003 /* AppStageMac */,);
			productName = AppStageTestHost;
			productReference = A20000000000000000000002 /* AppStageTestHost.app */;
			productType = "com.apple.product-type.application";
		};
		C70000000000000000000001 /* Project object */ = {
			isa = PBXProject;
			attributes = {BuildIndependentTargetsInParallel = 1; LastSwiftUpdateCheck = 2700; LastUpgradeCheck = 2700; TargetAttributes = {C50000000000000000000001 = {CreatedOnToolsVersion = 27.0; }; }; };
			buildConfigurationList = C60000000000000000000002 /* Build configuration list for PBXProject "AppStageTestHost" */;
			compatibilityVersion = "Xcode 14.0";
			developmentRegion = en;
			hasScannedForEncodings = 0;
			knownRegions = (en, Base,);
			mainGroup = C10000000000000000000003;
			packageReferences = (E10000000000000000000001 /* XCLocalSwiftPackageReference "../.." */,);
			productRefGroup = C10000000000000000000002 /* Products */;
			projectDirPath = "";
			projectRoot = "";
			targets = (C50000000000000000000001 /* AppStageTestHost */,);
		};
		C10000000000000000000003 = {isa = PBXGroup; children = (C10000000000000000000001 /* AppStageTestHost */, C10000000000000000000002 /* Products */,); sourceTree = "<group>"; };
		C60000000000000000000001 /* Build configuration list for PBXNativeTarget "AppStageTestHost" */ = {isa = XCConfigurationList; buildConfigurations = (F10000000000000000000001 /* Debug */, F10000000000000000000002 /* Release */,); defaultConfigurationIsVisible = 0; defaultConfigurationName = Release; };
		C60000000000000000000002 /* Build configuration list for PBXProject "AppStageTestHost" */ = {isa = XCConfigurationList; buildConfigurations = (F20000000000000000000001 /* Debug */, F20000000000000000000002 /* Release */,); defaultConfigurationIsVisible = 0; defaultConfigurationName = Release; };
		F10000000000000000000001 /* Debug */ = {isa = XCBuildConfiguration; buildSettings = {CODE_SIGNING_ALLOWED = NO; GENERATE_INFOPLIST_FILE = YES; INFOPLIST_KEY_CFBundleDisplayName = "AppStage Test Host"; MACOSX_DEPLOYMENT_TARGET = 14.0; PRODUCT_BUNDLE_IDENTIFIER = com.shiinalabs.appstage.testhost; PRODUCT_NAME = "$(TARGET_NAME)"; SWIFT_VERSION = 6.0; }; name = Debug; };
		F10000000000000000000002 /* Release */ = {isa = XCBuildConfiguration; buildSettings = {CODE_SIGNING_ALLOWED = NO; GENERATE_INFOPLIST_FILE = YES; INFOPLIST_KEY_CFBundleDisplayName = "AppStage Test Host"; MACOSX_DEPLOYMENT_TARGET = 14.0; PRODUCT_BUNDLE_IDENTIFIER = com.shiinalabs.appstage.testhost; PRODUCT_NAME = "$(TARGET_NAME)"; SWIFT_VERSION = 6.0; }; name = Release; };
		F20000000000000000000001 /* Debug */ = {isa = XCBuildConfiguration; buildSettings = {MACOSX_DEPLOYMENT_TARGET = 14.0; SWIFT_VERSION = 6.0; }; name = Debug; };
		F20000000000000000000002 /* Release */ = {isa = XCBuildConfiguration; buildSettings = {MACOSX_DEPLOYMENT_TARGET = 14.0; SWIFT_VERSION = 6.0; }; name = Release; };
		D10000000000000000000001 /* AppStage */ = {isa = XCSwiftPackageProductDependency; package = E10000000000000000000001 /* XCLocalSwiftPackageReference "../.." */; productName = AppStage; };
		D10000000000000000000002 /* AppStageControl */ = {isa = XCSwiftPackageProductDependency; package = E10000000000000000000001 /* XCLocalSwiftPackageReference "../.." */; productName = AppStageControl; };
		D10000000000000000000003 /* AppStageMac */ = {isa = XCSwiftPackageProductDependency; package = E10000000000000000000001 /* XCLocalSwiftPackageReference "../.." */; productName = AppStageMac; };
		E10000000000000000000001 /* XCLocalSwiftPackageReference "../.." */ = {isa = XCLocalSwiftPackageReference; relativePath = ../..; };
	};
	rootObject = C70000000000000000000001 /* Project object */;
}
